
Microsoft Visual Studio Solution File, Format Version 12.00
# Visual Studio Version 16
VisualStudioVersion = 16.0.29418.71
MinimumVisualStudioVersion = 10.0.40219.1
Project("{FAE04EC0-301F-11D3-BF4B-00C04F79EFBC}") = "Web", "Web\Web.csproj", "{9E9C0BBA-DC43-4724-94CC-62EB40A415E1}"
EndProject
Global
	GlobalSection(SolutionConfigurationPlatforms) = preSolution
		Debug|Any CPU = Debug|Any CPU
		Release|Any CPU = Release|Any CPU
	EndGlobalSection
	GlobalSection(ProjectConfigurationPlatforms) = postSolution
		{9E9C0BBA-DC43-4724-94CC-62EB40A415E1}.Debug|Any CPU.ActiveCfg = Debug|Any CPU
		{9E9C0BBA-DC43-4724-94CC-62EB40A415E1}.Debug|Any CPU.Build.0 = Debug|Any CPU
		{9E9C0BBA-DC43-4724-94CC-62EB40A415E1}.Release|Any CPU.ActiveCfg = Release|Any CPU
		{9E9C0BBA-DC43-4724-94CC-62EB40A415E1}.Release|Any CPU.Build.0 = Release|Any CPU
	EndGlobalSection
	GlobalSection(SolutionProperties) = preSolution
		HideSolutionNode = FALSE
	EndGlobalSection
	GlobalSection(ExtensibilityGlobals) = postSolution
		SolutionGuid = {381A546B-5193-461E-8788-E3E34409D836}
	EndGlobalSection
EndGlobal
